// !$*UTF8*$!
{
	archiveVersion = 1;
	classes = {
	};
	objectVersion = 48;
	objects = {

/* Begin PBXBuildFile section */
		61B7EDB21F981A87E06B800A /* Pods_qoswallet.framework in Frameworks */ = {isa = PBXBuildFile; fileRef = 2B7CDCE203FB87DC71B226D5 /* Pods_qoswallet.framework */; };
		78AE2EC1AEB51B406DBF7E87 /* Pods_qoswalletTests.framework in Frameworks */ = {isa = PBXBuildFile; fileRef = 0E845F75050787717DCDA427 /* Pods_qoswalletTests.framework */; };
		B73471C81458D4AA06F987F7 /* Pods_qoswalletUITests.framework in Frameworks */ = {isa = PBXBuildFile; fileRef = F7DC73B127CF3DF3CD92AC5A /* Pods_qoswalletUITests.framework */; };
		D22AA1302176DE6C0079DD39 /* Common.swift in Sources */ = {isa = PBXBuildFile; fileRef = D22AA12F2176DE6C0079DD39 /* Common.swift */; };
		D241BDE7217050AD00E00FA4 /* AppDelegate.swift in Sources */ = {isa = PBXBuildFile; fileRef = D241BDE6217050AD00E00FA4 /* AppDelegate.swift */; };
		D241BDE9217050AD00E00FA4 /* ViewController.swift in Sources */ = {isa = PBXBuildFile; fileRef = D241BDE8217050AD00E00FA4 /* ViewController.swift */; };
		D241BDEC217050AD00E00FA4 /* Main.storyboard in Resources */ = {isa = PBXBuildFile; fileRef = D241BDEA217050AD00E00FA4 /* Main.storyboard */; };
		D241BDEE217050AD00E00FA4 /* Assets.xcassets in Resources */ = {isa = PBXBuildFile; fileRef = D241BDED217050AD00E00FA4 /* Assets.xcassets */; };
		D241BDF1217050AD00E00FA4 /* LaunchScreen.storyboard in Resources */ = {isa = PBXBuildFile; fileRef = D241BDEF217050AD00E00FA4 /* LaunchScreen.storyboard */; };
		D241BDFC217050AD00E00FA4 /* qoswalletTests.swift in Sources */ = {isa = PBXBuildFile; fileRef = D241BDFB217050AD00E00FA4 /* qoswalletTests.swift */; };
		D241BE07217050AD00E00FA4 /* qoswalletUITests.swift in Sources */ = {isa = PBXBuildFile; fileRef = D241BE06217050AD00E00FA4 /* qoswalletUITests.swift */; };
		D24253E72170B61700A6AE94 /* ReactViewController.swift in Sources */ = {isa = PBXBuildFile; fileRef = D24253E62170B61700A6AE94 /* ReactViewController.swift */; };
		D24253ED217431B400A6AE94 /* RNBridgeModule.m in Sources */ = {isa = PBXBuildFile; fileRef = D24253EC217431B400A6AE94 /* RNBridgeModule.m */; };
		D24253F1217439CF00A6AE94 /* RNBridgeModule.swift in Sources */ = {isa = PBXBuildFile; fileRef = D24253F0217439CF00A6AE94 /* RNBridgeModule.swift */; };
		D24253F32174BFE400A6AE94 /* ReactNativeBridge.swift in Sources */ = {isa = PBXBuildFile; fileRef = D24253F22174BFE400A6AE94 /* ReactNativeBridge.swift */; };
/* End PBXBuildFile section */

/* Begin PBXContainerItemProxy section */
		D241BDF8217050AD00E00FA4 /* PBXContainerItemProxy */ = {
			isa = PBXContainerItemProxy;
			containerPortal = D241BDDB217050AD00E00FA4 /* Project object */;
			proxyType = 1;
			remoteGlobalIDString = D241BDE2217050AD00E00FA4;
			remoteInfo = NativeEmbedRN;
		};
		D241BE03217050AD00E00FA4 /* PBXContainerItemProxy */ = {
			isa = PBXContainerItemProxy;
			containerPortal = D241BDDB217050AD00E00FA4 /* Project object */;
			proxyType = 1;
			remoteGlobalIDString = D241BDE2217050AD00E00FA4;
			remoteInfo = NativeEmbedRN;
		};
/* End PBXContainerItemProxy section */

/* Begin PBXFileReference section */
		017ECE414B1BBD27CE16E2AB /* Pods-qoswalletUITests.release.xcconfig */ = {isa = PBXFileReference; includeInIndex = 1; lastKnownFileType = text.xcconfig; name = "Pods-qoswalletUITests.release.xcconfig"; path = "Pods/Target Support Files/Pods-qoswalletUITests/Pods-qoswalletUITests.release.xcconfig"; sourceTree = "<group>"; };
		0E845F75050787717DCDA427 /* Pods_qoswalletTests.framework */ = {isa = PBXFileReference; explicitFileType = wrapper.framework; includeInIndex = 0; path = Pods_qoswalletTests.framework; sourceTree = BUILT_PRODUCTS_DIR; };
		16B8374F46924D2656DAEAB3 /* Pods-qoswalletTests.release.xcconfig */ = {isa = PBXFileReference; includeInIndex = 1; lastKnownFileType = text.xcconfig; name = "Pods-qoswalletTests.release.xcconfig"; path = "Pods/Target Support Files/Pods-qoswalletTests/Pods-qoswalletTests.release.xcconfig"; sourceTree = "<group>"; };
		2AB3C10C1CE33AF568085535 /* Pods-NativeEmbedRNUITests.debug.xcconfig */ = {isa = PBXFileReference; includeInIndex = 1; lastKnownFileType = text.xcconfig; name = "Pods-NativeEmbedRNUITests.debug.xcconfig"; path = "Pods/Target Support Files/Pods-NativeEmbedRNUITests/Pods-NativeEmbedRNUITests.debug.xcconfig"; sourceTree = "<group>"; };
		2B7CDCE203FB87DC71B226D5 /* Pods_qoswallet.framework */ = {isa = PBXFileReference; explicitFileType = wrapper.framework; includeInIndex = 0; path = Pods_qoswallet.framework; sourceTree = BUILT_PRODUCTS_DIR; };
		4C6FC32C7F63641CD2C830AF /* Pods-qoswallet.release.xcconfig */ = {isa = PBXFileReference; includeInIndex = 1; lastKnownFileType = text.xcconfig; name = "Pods-qoswallet.release.xcconfig"; path = "Pods/Target Support Files/Pods-qoswallet/Pods-qoswallet.release.xcconfig"; sourceTree = "<group>"; };
		6856E3AD6EAAF812C936E5B8 /* Pods-NativeEmbedRNTests.debug.xcconfig */ = {isa = PBXFileReference; includeInIndex = 1; lastKnownFileType = text.xcconfig; name = "Pods-NativeEmbedRNTests.debug.xcconfig"; path = "Pods/Target Support Files/Pods-NativeEmbedRNTests/Pods-NativeEmbedRNTests.debug.xcconfig"; sourceTree = "<group>"; };
		6D7072DE687B6B08D7AE200D /* Pods-NativeEmbedRN.release.xcconfig */ = {isa = PBXFileReference; includeInIndex = 1; lastKnownFileType = text.xcconfig; name = "Pods-NativeEmbedRN.release.xcconfig"; path = "Pods/Target Support Files/Pods-NativeEmbedRN/Pods-NativeEmbedRN.release.xcconfig"; sourceTree = "<group>"; };
		91FF521AF3E167A34E62631E /* Pods-qoswalletTests.debug.xcconfig */ = {isa = PBXFileReference; includeInIndex = 1; lastKnownFileType = text.xcconfig; name = "Pods-qoswalletTests.debug.xcconfig"; path = "Pods/Target Support Files/Pods-qoswalletTests/Pods-qoswalletTests.debug.xcconfig"; sourceTree = "<group>"; };
		C0CD0AFA62301ED9A95891F7 /* Pods-NativeEmbedRN.debug.xcconfig */ = {isa = PBXFileReference; includeInIndex = 1; lastKnownFileType = text.xcconfig; name = "Pods-NativeEmbedRN.debug.xcconfig"; path = "Pods/Target Support Files/Pods-NativeEmbedRN/Pods-NativeEmbedRN.debug.xcconfig"; sourceTree = "<group>"; };
		D0F0ABB91BA9B78A289C448F /* Pods-NativeEmbedRNTests.release.xcconfig */ = {isa = PBXFileReference; includeInIndex = 1; lastKnownFileType = text.xcconfig; name = "Pods-NativeEmbedRNTests.release.xcconfig"; path = "Pods/Target Support Files/Pods-NativeEmbedRNTests/Pods-NativeEmbedRNTests.release.xcconfig"; sourceTree = "<group>"; };
		D22AA12F2176DE6C0079DD39 /* Common.swift */ = {isa = PBXFileReference; lastKnownFileType = sourcecode.swift; path = Common.swift; sourceTree = "<group>"; };
		D241BDE3217050AD00E00FA4 /* qoswallet.app */ = {isa = PBXFileReference; explicitFileType = wrapper.application; includeInIndex = 0; path = qoswallet.app; sourceTree = BUILT_PRODUCTS_DIR; };
		D241BDE6217050AD00E00FA4 /* AppDelegate.swift */ = {isa = PBXFileReference; lastKnownFileType = sourcecode.swift; path = AppDelegate.swift; sourceTree = "<group>"; };
		D241BDE8217050AD00E00FA4 /* ViewController.swift */ = {isa = PBXFileReference; lastKnownFileType = sourcecode.swift; path = ViewController.swift; sourceTree = "<group>"; };
		D241BDEB217050AD00E00FA4 /* Base */ = {isa = PBXFileReference; lastKnownFileType = file.storyboard; name = Base; path = Base.lproj/Main.storyboard; sourceTree = "<group>"; };
		D241BDED217050AD00E00FA4 /* Assets.xcassets */ = {isa = PBXFileReference; lastKnownFileType = folder.assetcatalog; path = Assets.xcassets; sourceTree = "<group>"; };
		D241BDF0217050AD00E00FA4 /* Base */ = {isa = PBXFileReference; lastKnownFileType = file.storyboard; name = Base; path = Base.lproj/LaunchScreen.storyboard; sourceTree = "<group>"; };
		D241BDF2217050AD00E00FA4 /* Info.plist */ = {isa = PBXFileReference; lastKnownFileType = text.plist.xml; path = Info.plist; sourceTree = "<group>"; };
		D241BDF7217050AD00E00FA4 /* qoswalletTests.xctest */ = {isa = PBXFileReference; explicitFileType = wrapper.cfbundle; includeInIndex = 0; path = qoswalletTests.xctest; sourceTree = BUILT_PRODUCTS_DIR; };
		D241BDFB217050AD00E00FA4 /* qoswalletTests.swift */ = {isa = PBXFileReference; lastKnownFileType = sourcecode.swift; path = qoswalletTests.swift; sourceTree = "<group>"; };
		D241BDFD217050AD00E00FA4 /* Info.plist */ = {isa = PBXFileReference; lastKnownFileType = text.plist.xml; path = Info.plist; sourceTree = "<group>"; };
		D241BE02217050AD00E00FA4 /* qoswalletUITests.xctest */ = {isa = PBXFileReference; explicitFileType = wrapper.cfbundle; includeInIndex = 0; path = qoswalletUITests.xctest; sourceTree = BUILT_PRODUCTS_DIR; };
		D241BE06217050AD00E00FA4 /* qoswalletUITests.swift */ = {isa = PBXFileReference; lastKnownFileType = sourcecode.swift; path = qoswalletUITests.swift; sourceTree = "<group>"; };
		D241BE08217050AD00E00FA4 /* Info.plist */ = {isa = PBXFileReference; lastKnownFileType = text.plist.xml; path = Info.plist; sourceTree = "<group>"; };
		D24253E62170B61700A6AE94 /* ReactViewController.swift */ = {isa = PBXFileReference; lastKnownFileType = sourcecode.swift; path = ReactViewController.swift; sourceTree = "<group>"; };
		D24253EA217431B400A6AE94 /* qoswallet-Bridging-Header.h */ = {isa = PBXFileReference; lastKnownFileType = sourcecode.c.h; path = "qoswallet-Bridging-Header.h"; sourceTree = "<group>"; };
		D24253EC217431B400A6AE94 /* RNBridgeModule.m */ = {isa = PBXFileReference; lastKnownFileType = sourcecode.c.objc; path = RNBridgeModule.m; sourceTree = "<group>"; };
		D24253F0217439CF00A6AE94 /* RNBridgeModule.swift */ = {isa = PBXFileReference; lastKnownFileType = sourcecode.swift; path = RNBridgeModule.swift; sourceTree = "<group>"; };
		D24253F22174BFE400A6AE94 /* ReactNativeBridge.swift */ = {isa = PBXFileReference; lastKnownFileType = sourcecode.swift; path = ReactNativeBridge.swift; sourceTree = "<group>"; };
		E80D2F4425670150E1C0FACC /* Pods-qoswalletUITests.debug.xcconfig */ = {isa = PBXFileReference; includeInIndex = 1; lastKnownFileType = text.xcconfig; name = "Pods-qoswalletUITests.debug.xcconfig"; path = "Pods/Target Support Files/Pods-qoswalletUITests/Pods-qoswalletUITests.debug.xcconfig"; sourceTree = "<group>"; };
		EFE1708FCB8AA772C7AA32BD /* Pods-NativeEmbedRNUITests.release.xcconfig */ = {isa = PBXFileReference; includeInIndex = 1; lastKnownFileType = text.xcconfig; name = "Pods-NativeEmbedRNUITests.release.xcconfig"; path = "Pods/Target Support Files/Pods-NativeEmbedRNUITests/Pods-NativeEmbedRNUITests.release.xcconfig"; sourceTree = "<group>"; };
		F152C61291997495F9105600 /* Pods-qoswallet.debug.xcconfig */ = {isa = PBXFileReference; includeInIndex = 1; lastKnownFileType = text.xcconfig; name = "Pods-qoswallet.debug.xcconfig"; path = "Pods/Target Support Files/Pods-qoswallet/Pods-qoswallet.debug.xcconfig"; sourceTree = "<group>"; };
		F7DC73B127CF3DF3CD92AC5A /* Pods_qoswalletUITests.framework */ = {isa = PBXFileReference; explicitFileType = wrapper.framework; includeInIndex = 0; path = Pods_qoswalletUITests.framework; sourceTree = BUILT_PRODUCTS_DIR; };
/* End PBXFileReference section */

/* Begin PBXFrameworksBuildPhase section */
		D241BDE0217050AD00E00FA4 /* Frameworks */ = {
			isa = PBXFrameworksBuildPhase;
			buildActionMask = 2147483647;
			files = (
				61B7EDB21F981A87E06B800A /* Pods_qoswallet.framework in Frameworks */,
			);
			runOnlyForDeploymentPostprocessing = 0;
		};
		D241BDF4217050AD00E00FA4 /* Frameworks */ = {
			isa = PBXFrameworksBuildPhase;
			buildActionMask = 2147483647;
			files = (
				78AE2EC1AEB51B406DBF7E87 /* Pods_qoswalletTests.framework in Frameworks */,
			);
			runOnlyForDeploymentPostprocessing = 0;
		};
		D241BDFF217050AD00E00FA4 /* Frameworks */ = {
			isa = PBXFrameworksBuildPhase;
			buildActionMask = 2147483647;
			files = (
				B73471C81458D4AA06F987F7 /* Pods_qoswalletUITests.framework in Frameworks */,
			);
			runOnlyForDeploymentPostprocessing = 0;
		};
/* End PBXFrameworksBuildPhase section */

/* Begin PBXGroup section */
		AD588629FD1A5AD83C38D5C8 /* Frameworks */ = {
			isa = PBXGroup;
			children = (
				2B7CDCE203FB87DC71B226D5 /* Pods_qoswallet.framework */,
				0E845F75050787717DCDA427 /* Pods_qoswalletTests.framework */,
				F7DC73B127CF3DF3CD92AC5A /* Pods_qoswalletUITests.framework */,
			);
			name = Frameworks;
			sourceTree = "<group>";
		};
		D241BDDA217050AD00E00FA4 = {
			isa = PBXGroup;
			children = (
				D241BDE5217050AD00E00FA4 /* qoswallet */,
				D241BDFA217050AD00E00FA4 /* qoswalletTests */,
				D241BE05217050AD00E00FA4 /* qoswalletUITests */,
				D241BDE4217050AD00E00FA4 /* Products */,
				EBC38683420B76A7719A0A4C /* Pods */,
				AD588629FD1A5AD83C38D5C8 /* Frameworks */,
			);
			sourceTree = "<group>";
		};
		D241BDE4217050AD00E00FA4 /* Products */ = {
			isa = PBXGroup;
			children = (
				D241BDE3217050AD00E00FA4 /* qoswallet.app */,
				D241BDF7217050AD00E00FA4 /* qoswalletTests.xctest */,
				D241BE02217050AD00E00FA4 /* qoswalletUITests.xctest */,
			);
			name = Products;
			sourceTree = "<group>";
		};
		D241BDE5217050AD00E00FA4 /* qoswallet */ = {
			isa = PBXGroup;
			children = (
				D241BDE6217050AD00E00FA4 /* AppDelegate.swift */,
				D241BDE8217050AD00E00FA4 /* ViewController.swift */,
				D24253E62170B61700A6AE94 /* ReactViewController.swift */,
				D22AA12F2176DE6C0079DD39 /* Common.swift */,
				D24253EC217431B400A6AE94 /* RNBridgeModule.m */,
				D24253F0217439CF00A6AE94 /* RNBridgeModule.swift */,
				D24253F22174BFE400A6AE94 /* ReactNativeBridge.swift */,
				D24253EA217431B400A6AE94 /* qoswallet-Bridging-Header.h */,
				D241BDEA217050AD00E00FA4 /* Main.storyboard */,
				D241BDED217050AD00E00FA4 /* Assets.xcassets */,
				D241BDEF217050AD00E00FA4 /* LaunchScreen.storyboard */,
				D241BDF2217050AD00E00FA4 /* Info.plist */,
			);
			path = qoswallet;
			sourceTree = "<group>";
		};
		D241BDFA217050AD00E00FA4 /* qoswalletTests */ = {
			isa = PBXGroup;
			children = (
				D241BDFB217050AD00E00FA4 /* qoswalletTests.swift */,
				D241BDFD217050AD00E00FA4 /* Info.plist */,
			);
			path = qoswalletTests;
			sourceTree = "<group>";
		};
		D241BE05217050AD00E00FA4 /* qoswalletUITests */ = {
			isa = PBXGroup;
			children = (
				D241BE06217050AD00E00FA4 /* qoswalletUITests.swift */,
				D241BE08217050AD00E00FA4 /* Info.plist */,
			);
			path = qoswalletUITests;
			sourceTree = "<group>";
		};
		EBC38683420B76A7719A0A4C /* Pods */ = {
			isa = PBXGroup;
			children = (
				C0CD0AFA62301ED9A95891F7 /* Pods-NativeEmbedRN.debug.xcconfig */,
				6D7072DE687B6B08D7AE200D /* Pods-NativeEmbedRN.release.xcconfig */,
				6856E3AD6EAAF812C936E5B8 /* Pods-NativeEmbedRNTests.debug.xcconfig */,
				D0F0ABB91BA9B78A289C448F /* Pods-NativeEmbedRNTests.release.xcconfig */,
				2AB3C10C1CE33AF568085535 /* Pods-NativeEmbedRNUITests.debug.xcconfig */,
				EFE1708FCB8AA772C7AA32BD /* Pods-NativeEmbedRNUITests.release.xcconfig */,
				F152C61291997495F9105600 /* Pods-qoswallet.debug.xcconfig */,
				4C6FC32C7F63641CD2C830AF /* Pods-qoswallet.release.xcconfig */,
				91FF521AF3E167A34E62631E /* Pods-qoswalletTests.debug.xcconfig */,
				16B8374F46924D2656DAEAB3 /* Pods-qoswalletTests.release.xcconfig */,
				E80D2F4425670150E1C0FACC /* Pods-qoswalletUITests.debug.xcconfig */,
				017ECE414B1BBD27CE16E2AB /* Pods-qoswalletUITests.release.xcconfig */,
			);
			name = Pods;
			sourceTree = "<group>";
		};
/* End PBXGroup section */

/* Begin PBXNativeTarget section */
		D241BDE2217050AD00E00FA4 /* qoswallet */ = {
			isa = PBXNativeTarget;
			buildConfigurationList = D241BE0B217050AD00E00FA4 /* Build configuration list for PBXNativeTarget "qoswallet" */;
			buildPhases = (
				1942067FA987AF58F56216A4 /* [CP] Check Pods Manifest.lock */,
				D241BDDF217050AD00E00FA4 /* Sources */,
				D241BDE0217050AD00E00FA4 /* Frameworks */,
				D241BDE1217050AD00E00FA4 /* Resources */,
				BB16483CF2776741D0DC7C9C /* [CP] Embed Pods Frameworks */,
			);
			buildRules = (
			);
			dependencies = (
			);
			name = qoswallet;
			productName = NativeEmbedRN;
			productReference = D241BDE3217050AD00E00FA4 /* qoswallet.app */;
			productType = "com.apple.product-type.application";
		};
		D241BDF6217050AD00E00FA4 /* qoswalletTests */ = {
			isa = PBXNativeTarget;
			buildConfigurationList = D241BE0E217050AD00E00FA4 /* Build configuration list for PBXNativeTarget "qoswalletTests" */;
			buildPhases = (
				B679BBE26F626572481AAD6A /* [CP] Check Pods Manifest.lock */,
				D241BDF3217050AD00E00FA4 /* Sources */,
				D241BDF4217050AD00E00FA4 /* Frameworks */,
				D241BDF5217050AD00E00FA4 /* Resources */,
			);
			buildRules = (
			);
			dependencies = (
				D241BDF9217050AD00E00FA4 /* PBXTargetDependency */,
			);
			name = qoswalletTests;
			productName = NativeEmbedRNTests;
			productReference = D241BDF7217050AD00E00FA4 /* qoswalletTests.xctest */;
			productType = "com.apple.product-type.bundle.unit-test";
		};
		D241BE01217050AD00E00FA4 /* qoswalletUITests */ = {
			isa = PBXNativeTarget;
			buildConfigurationList = D241BE11217050AD00E00FA4 /* Build configuration list for PBXNativeTarget "qoswalletUITests" */;
			buildPhases = (
				1E232A0041B1274A4BE7BE58 /* [CP] Check Pods Manifest.lock */,
				D241BDFE217050AD00E00FA4 /* Sources */,
				D241BDFF217050AD00E00FA4 /* Frameworks */,
				D241BE00217050AD00E00FA4 /* Resources */,
			);
			buildRules = (
			);
			dependencies = (
				D241BE04217050AD00E00FA4 /* PBXTargetDependency */,
			);
			name = qoswalletUITests;
			productName = NativeEmbedRNUITests;
			productReference = D241BE02217050AD00E00FA4 /* qoswalletUITests.xctest */;
			productType = "com.apple.product-type.bundle.ui-testing";
		};
/* End PBXNativeTarget section */

/* Begin PBXProject section */
		D241BDDB217050AD00E00FA4 /* Project object */ = {
			isa = PBXProject;
			attributes = {
				LastSwiftUpdateCheck = 0920;
				LastUpgradeCheck = 0920;
				ORGANIZATIONNAME = qos;
				TargetAttributes = {
					D241BDE2217050AD00E00FA4 = {
						CreatedOnToolsVersion = 9.2;
						LastSwiftMigration = 1000;
						ProvisioningStyle = Automatic;
					};
					D241BDF6217050AD00E00FA4 = {
						CreatedOnToolsVersion = 9.2;
						ProvisioningStyle = Automatic;
						TestTargetID = D241BDE2217050AD00E00FA4;
					};
					D241BE01217050AD00E00FA4 = {
						CreatedOnToolsVersion = 9.2;
						ProvisioningStyle = Automatic;
						TestTargetID = D241BDE2217050AD00E00FA4;
					};
				};
			};
			buildConfigurationList = D241BDDE217050AD00E00FA4 /* Build configuration list for PBXProject "qoswallet" */;
			compatibilityVersion = "Xcode 8.0";
			developmentRegion = en;
			hasScannedForEncodings = 0;
			knownRegions = (
				en,
				Base,
			);
			mainGroup = D241BDDA217050AD00E00FA4;
			productRefGroup = D241BDE4217050AD00E00FA4 /* Products */;
			projectDirPath = "";
			projectRoot = "";
			targets = (
				D241BDE2217050AD00E00FA4 /* qoswallet */,
				D241BDF6217050AD00E00FA4 /* qoswalletTests */,
				D241BE01217050AD00E00FA4 /* qoswalletUITests */,
			);
		};
/* End PBXProject section */

/* Begin PBXResourcesBuildPhase section */
		D241BDE1217050AD00E00FA4 /* Resources */ = {
			isa = PBXResourcesBuildPhase;
			buildActionMask = 2147483647;
			files = (
				D241BDF1217050AD00E00FA4 /* LaunchScreen.storyboard in Resources */,
				D241BDEE217050AD00E00FA4 /* Assets.xcassets in Resources */,
				D241BDEC217050AD00E00FA4 /* Main.storyboard in Resources */,
			);
			runOnlyForDeploymentPostprocessing = 0;
		};
		D241BDF5217050AD00E00FA4 /* Resources */ = {
			isa = PBXResourcesBuildPhase;
			buildActionMask = 2147483647;
			files = (
			);
			runOnlyForDeploymentPostprocessing = 0;
		};
		D241BE00217050AD00E00FA4 /* Resources */ = {
			isa = PBXResourcesBuildPhase;
			buildActionMask = 2147483647;
			files = (
			);
			runOnlyForDeploymentPostprocessing = 0;
		};
/* End PBXResourcesBuildPhase section */

/* Begin PBXShellScriptBuildPhase section */
		1942067FA987AF58F56216A4 /* [CP] Check Pods Manifest.lock */ = {
			isa = PBXShellScriptBuildPhase;
			buildActionMask = 2147483647;
			files = (
			);
			inputPaths = (
				"${PODS_PODFILE_DIR_PATH}/Podfile.lock",
				"${PODS_ROOT}/Manifest.lock",
			);
			name = "[CP] Check Pods Manifest.lock";
			outputPaths = (
				"$(DERIVED_FILE_DIR)/Pods-qoswallet-checkManifestLockResult.txt",
			);
			runOnlyForDeploymentPostprocessing = 0;
			shellPath = /bin/sh;
			shellScript = "diff \"${PODS_PODFILE_DIR_PATH}/Podfile.lock\" \"${PODS_ROOT}/Manifest.lock\" > /dev/null\nif [ $? != 0 ] ; then\n    # print error to STDERR\n    echo \"error: The sandbox is not in sync with the Podfile.lock. Run 'pod install' or update your CocoaPods installation.\" >&2\n    exit 1\nfi\n# This output is used by Xcode 'outputs' to avoid re-running this script phase.\necho \"SUCCESS\" > \"${SCRIPT_OUTPUT_FILE_0}\"\n";
			showEnvVarsInLog = 0;
		};
		1E232A0041B1274A4BE7BE58 /* [CP] Check Pods Manifest.lock */ = {
			isa = PBXShellScriptBuildPhase;
			buildActionMask = 2147483647;
			files = (
			);
			inputPaths = (
				"${PODS_PODFILE_DIR_PATH}/Podfile.lock",
				"${PODS_ROOT}/Manifest.lock",
			);
			name = "[CP] Check Pods Manifest.lock";
			outputPaths = (
				"$(DERIVED_FILE_DIR)/Pods-qoswalletUITests-checkManifestLockResult.txt",
			);
			runOnlyForDeploymentPostprocessing = 0;
			shellPath = /bin/sh;
			shellScript = "diff \"${PODS_PODFILE_DIR_PATH}/Podfile.lock\" \"${PODS_ROOT}/Manifest.lock\" > /dev/null\nif [ $? != 0 ] ; then\n    # print error to STDERR\n    echo \"error: The sandbox is not in sync with the Podfile.lock. Run 'pod install' or update your CocoaPods installation.\" >&2\n    exit 1\nfi\n# This output is used by Xcode 'outputs' to avoid re-running this script phase.\necho \"SUCCESS\" > \"${SCRIPT_OUTPUT_FILE_0}\"\n";
			showEnvVarsInLog = 0;
		};
		B679BBE26F626572481AAD6A /* [CP] Check Pods Manifest.lock */ = {
			isa = PBXShellScriptBuildPhase;
			buildActionMask = 2147483647;
			files = (
			);
			inputPaths = (
				"${PODS_PODFILE_DIR_PATH}/Podfile.lock",
				"${PODS_ROOT}/Manifest.lock",
			);
			name = "[CP] Check Pods Manifest.lock";
			outputPaths = (
				"$(DERIVED_FILE_DIR)/Pods-qoswalletTests-checkManifestLockResult.txt",
			);
			runOnlyForDeploymentPostprocessing = 0;
			shellPath = /bin/sh;
			shellScript = "diff \"${PODS_PODFILE_DIR_PATH}/Podfile.lock\" \"${PODS_ROOT}/Manifest.lock\" > /dev/null\nif [ $? != 0 ] ; then\n    # print error to STDERR\n    echo \"error: The sandbox is not in sync with the Podfile.lock. Run 'pod install' or update your CocoaPods installation.\" >&2\n    exit 1\nfi\n# This output is used by Xcode 'outputs' to avoid re-running this script phase.\necho \"SUCCESS\" > \"${SCRIPT_OUTPUT_FILE_0}\"\n";
			showEnvVarsInLog = 0;
		};
		BB16483CF2776741D0DC7C9C /* [CP] Embed Pods Frameworks */ = {
			isa = PBXShellScriptBuildPhase;
			buildActionMask = 2147483647;
			files = (
			);
			inputPaths = (
				"${SRCROOT}/Pods/Target Support Files/Pods-qoswallet/Pods-qoswallet-frameworks.sh",
				"${BUILT_PRODUCTS_DIR}/Alamofire/Alamofire.framework",
				"${BUILT_PRODUCTS_DIR}/DoubleConversion/DoubleConversion.framework",
				"${BUILT_PRODUCTS_DIR}/Folly/folly.framework",
				"${BUILT_PRODUCTS_DIR}/React/React.framework",
				"${BUILT_PRODUCTS_DIR}/SSZipArchive/SSZipArchive.framework",
				"${BUILT_PRODUCTS_DIR}/glog/glog.framework",
				"${BUILT_PRODUCTS_DIR}/yoga/yoga.framework",
			);
			name = "[CP] Embed Pods Frameworks";
			outputPaths = (
				"${TARGET_BUILD_DIR}/${FRAMEWORKS_FOLDER_PATH}/Alamofire.framework",
				"${TARGET_BUILD_DIR}/${FRAMEWORKS_FOLDER_PATH}/DoubleConversion.framework",
				"${TARGET_BUILD_DIR}/${FRAMEWORKS_FOLDER_PATH}/folly.framework",
				"${TARGET_BUILD_DIR}/${FRAMEWORKS_FOLDER_PATH}/React.framework",
				"${TARGET_BUILD_DIR}/${FRAMEWORKS_FOLDER_PATH}/SSZipArchive.framework",
				"${TARGET_BUILD_DIR}/${FRAMEWORKS_FOLDER_PATH}/glog.framework",
				"${TARGET_BUILD_DIR}/${FRAMEWORKS_FOLDER_PATH}/yoga.framework",
			);
			runOnlyForDeploymentPostprocessing = 0;
			shellPath = /bin/sh;
			shellScript = "\"${SRCROOT}/Pods/Target Support Files/Pods-qoswallet/Pods-qoswallet-frameworks.sh\"\n";
			showEnvVarsInLog = 0;
		};
/* End PBXShellScriptBuildPhase section */

/* Begin PBXSourcesBuildPhase section */
		D241BDDF217050AD00E00FA4 /* Sources */ = {
			isa = PBXSourcesBuildPhase;
			buildActionMask = 2147483647;
			files = (
				D241BDE9217050AD00E00FA4 /* ViewController.swift in Sources */,
				D24253F32174BFE400A6AE94 /* ReactNativeBridge.swift in Sources */,
				D24253ED217431B400A6AE94 /* RNBridgeModule.m in Sources */,
				D241BDE7217050AD00E00FA4 /* AppDelegate.swift in Sources */,
				D24253E72170B61700A6AE94 /* ReactViewController.swift in Sources */,
				D24253F1217439CF00A6AE94 /* RNBridgeModule.swift in Sources */,
				D22AA1302176DE6C0079DD39 /* Common.swift in Sources */,
			);
			runOnlyForDeploymentPostprocessing = 0;
		};
		D241BDF3217050AD00E00FA4 /* Sources */ = {
			isa = PBXSourcesBuildPhase;
			buildActionMask = 2147483647;
			files = (
				D241BDFC217050AD00E00FA4 /* qoswalletTests.swift in Sources */,
			);
			runOnlyForDeploymentPostprocessing = 0;
		};
		D241BDFE217050AD00E00FA4 /* Sources */ = {
			isa = PBXSourcesBuildPhase;
			buildActionMask = 2147483647;
			files = (
				D241BE07217050AD00E00FA4 /* qoswalletUITests.swift in Sources */,
			);
			runOnlyForDeploymentPostprocessing = 0;
		};
/* End PBXSourcesBuildPhase section */

/* Begin PBXTargetDependency section */
		D241BDF9217050AD00E00FA4 /* PBXTargetDependency */ = {
			isa = PBXTargetDependency;
			target = D241BDE2217050AD00E00FA4 /* qoswallet */;
			targetProxy = D241BDF8217050AD00E00FA4 /* PBXContainerItemProxy */;
		};
		D241BE04217050AD00E00FA4 /* PBXTargetDependency */ = {
			isa = PBXTargetDependency;
			target = D241BDE2217050AD00E00FA4 /* qoswallet */;
			targetProxy = D241BE03217050AD00E00FA4 /* PBXContainerItemProxy */;
		};
/* End PBXTargetDependency section */

/* Begin PBXVariantGroup section */
		D241BDEA217050AD00E00FA4 /* Main.storyboard */ = {
			isa = PBXVariantGroup;
			children = (
				D241BDEB217050AD00E00FA4 /* Base */,
			);
			name = Main.storyboard;
			sourceTree = "<group>";
		};
		D241BDEF217050AD00E00FA4 /* LaunchScreen.storyboard */ = {
			isa = PBXVariantGroup;
			children = (
				D241BDF0217050AD00E00FA4 /* Base */,
			);
			name = LaunchScreen.storyboard;
			sourceTree = "<group>";
		};
/* End PBXVariantGroup section */

/* Begin XCBuildConfiguration section */
		D241BE09217050AD00E00FA4 /* Debug */ = {
			isa = XCBuildConfiguration;
			buildSettings = {
				ALWAYS_SEARCH_USER_PATHS = NO;
				CLANG_ANALYZER_NONNULL = YES;
				CLANG_ANALYZER_NUMBER_OBJECT_CONVERSION = YES_AGGRESSIVE;
				CLANG_CXX_LANGUAGE_STANDARD = "gnu++14";
				CLANG_CXX_LIBRARY = "libc++";
				CLANG_ENABLE_MODULES = YES;
				CLANG_ENABLE_OBJC_ARC = YES;
				CLANG_WARN_BLOCK_CAPTURE_AUTORELEASING = YES;
				CLANG_WARN_BOOL_CONVERSION = YES;
				CLANG_WARN_COMMA = YES;
				CLANG_WARN_CONSTANT_CONVERSION = YES;
				CLANG_WARN_DIRECT_OBJC_ISA_USAGE = YES_ERROR;
				CLANG_WARN_DOCUMENTATION_COMMENTS = YES;
				CLANG_WARN_EMPTY_BODY = YES;
				CLANG_WARN_ENUM_CONVERSION = YES;
				CLANG_WARN_INFINITE_RECURSION = YES;
				CLANG_WARN_INT_CONVERSION = YES;
				CLANG_WARN_NON_LITERAL_NULL_CONVERSION = YES;
				CLANG_WARN_OBJC_LITERAL_CONVERSION = YES;
				CLANG_WARN_OBJC_ROOT_CLASS = YES_ERROR;
				CLANG_WARN_RANGE_LOOP_ANALYSIS = YES;
				CLANG_WARN_STRICT_PROTOTYPES = YES;
				CLANG_WARN_SUSPICIOUS_MOVE = YES;
				CLANG_WARN_UNGUARDED_AVAILABILITY = YES_AGGRESSIVE;
				CLANG_WARN_UNREACHABLE_CODE = YES;
				CLANG_WARN__DUPLICATE_METHOD_MATCH = YES;
				CODE_SIGN_IDENTITY = "iPhone Developer";
				COPY_PHASE_STRIP = NO;
				DEBUG_INFORMATION_FORMAT = dwarf;
				ENABLE_STRICT_OBJC_MSGSEND = YES;
				ENABLE_TESTABILITY = YES;
				GCC_C_LANGUAGE_STANDARD = gnu11;
				GCC_DYNAMIC_NO_PIC = NO;
				GCC_NO_COMMON_BLOCKS = YES;
				GCC_OPTIMIZATION_LEVEL = 0;
				GCC_PREPROCESSOR_DEFINITIONS = (
					"DEBUG=1",
					"$(inherited)",
				);
				GCC_WARN_64_TO_32_BIT_CONVERSION = YES;
				GCC_WARN_ABOUT_RETURN_TYPE = YES_ERROR;
				GCC_WARN_UNDECLARED_SELECTOR = YES;
				GCC_WARN_UNINITIALIZED_AUTOS = YES_AGGRESSIVE;
				GCC_WARN_UNUSED_FUNCTION = YES;
				GCC_WARN_UNUSED_VARIABLE = YES;
				IPHONEOS_DEPLOYMENT_TARGET = 11.2;
				MTL_ENABLE_DEBUG_INFO = YES;
				ONLY_ACTIVE_ARCH = YES;
				SDKROOT = iphoneos;
				SWIFT_ACTIVE_COMPILATION_CONDITIONS = DEBUG;
				SWIFT_OPTIMIZATION_LEVEL = "-Onone";
			};
			name = Debug;
		};
		D241BE0A217050AD00E00FA4 /* Release */ = {
			isa = XCBuildConfiguration;
			buildSettings = {
				ALWAYS_SEARCH_USER_PATHS = NO;
				CLANG_ANALYZER_NONNULL = YES;
				CLANG_ANALYZER_NUMBER_OBJECT_CONVERSION = YES_AGGRESSIVE;
				CLANG_CXX_LANGUAGE_STANDARD = "gnu++14";
				CLANG_CXX_LIBRARY = "libc++";
				CLANG_ENABLE_MODULES = YES;
				CLANG_ENABLE_OBJC_ARC = YES;
				CLANG_WARN_BLOCK_CAPTURE_AUTORELEASING = YES;
				CLANG_WARN_BOOL_CONVERSION = YES;
				CLANG_WARN_COMMA = YES;
				CLANG_WARN_CONSTANT_CONVERSION = YES;
				CLANG_WARN_DIRECT_OBJC_ISA_USAGE = YES_ERROR;
				CLANG_WARN_DOCUMENTATION_COMMENTS = YES;
				CLANG_WARN_EMPTY_BODY = YES;
				CLANG_WARN_ENUM_CONVERSION = YES;
				CLANG_WARN_INFINITE_RECURSION = YES;
				CLANG_WARN_INT_CONVERSION = YES;
				CLANG_WARN_NON_LITERAL_NULL_CONVERSION = YES;
				CLANG_WARN_OBJC_LITERAL_CONVERSION = YES;
				CLANG_WARN_OBJC_ROOT_CLASS = YES_ERROR;
				CLANG_WARN_RANGE_LOOP_ANALYSIS = YES;
				CLANG_WARN_STRICT_PROTOTYPES = YES;
				CLANG_WARN_SUSPICIOUS_MOVE = YES;
				CLANG_WARN_UNGUARDED_AVAILABILITY = YES_AGGRESSIVE;
				CLANG_WARN_UNREACHABLE_CODE = YES;
				CLANG_WARN__DUPLICATE_METHOD_MATCH = YES;
				CODE_SIGN_IDENTITY = "iPhone Developer";
				COPY_PHASE_STRIP = NO;
				DEBUG_INFORMATION_FORMAT = "dwarf-with-dsym";
				ENABLE_NS_ASSERTIONS = NO;
				ENABLE_STRICT_OBJC_MSGSEND = YES;
				GCC_C_LANGUAGE_STANDARD = gnu11;
				GCC_NO_COMMON_BLOCKS = YES;
				GCC_WARN_64_TO_32_BIT_CONVERSION = YES;
				GCC_WARN_ABOUT_RETURN_TYPE = YES_ERROR;
				GCC_WARN_UNDECLARED_SELECTOR = YES;
				GCC_WARN_UNINITIALIZED_AUTOS = YES_AGGRESSIVE;
				GCC_WARN_UNUSED_FUNCTION = YES;
				GCC_WARN_UNUSED_VARIABLE = YES;
				IPHONEOS_DEPLOYMENT_TARGET = 11.2;
				MTL_ENABLE_DEBUG_INFO = NO;
				SDKROOT = iphoneos;
				SWIFT_OPTIMIZATION_LEVEL = "-Owholemodule";
				VALIDATE_PRODUCT = YES;
			};
			name = Release;
		};
		D241BE0C217050AD00E00FA4 /* Debug */ = {
			isa = XCBuildConfiguration;
			baseConfigurationReference = F152C61291997495F9105600 /* Pods-qoswallet.debug.xcconfig */;
			buildSettings = {
				ASSETCATALOG_COMPILER_APPICON_NAME = AppIcon;
				CLANG_ENABLE_MODULES = YES;
				CODE_SIGN_STYLE = Automatic;
				DEVELOPMENT_TEAM = T48726X4KQ;
				INFOPLIST_FILE = qoswallet/Info.plist;
				IPHONEOS_DEPLOYMENT_TARGET = 9.0;
				LD_RUNPATH_SEARCH_PATHS = "$(inherited) @executable_path/Frameworks";
				OTHER_SWIFT_FLAGS = "$(inherited) \"-D\" \"COCOAPODS\" \"-DDEBUG\" \"-DFOO\"";
				PRODUCT_BUNDLE_IDENTIFIER = qos.qoswallet;
				PRODUCT_NAME = "$(TARGET_NAME)";
				SWIFT_OBJC_BRIDGING_HEADER = "qoswallet/qoswallet-Bridging-Header.h";
				SWIFT_OPTIMIZATION_LEVEL = "-Onone";
				SWIFT_VERSION = 4.0;
				TARGETED_DEVICE_FAMILY = "1,2";
			};
			name = Debug;
		};
		D241BE0D217050AD00E00FA4 /* Release */ = {
			isa = XCBuildConfiguration;
			baseConfigurationReference = 4C6FC32C7F63641CD2C830AF /* Pods-qoswallet.release.xcconfig */;
			buildSettings = {
				ASSETCATALOG_COMPILER_APPICON_NAME = AppIcon;
				CLANG_ENABLE_MODULES = YES;
				CODE_SIGN_STYLE = Automatic;
				DEVELOPMENT_TEAM = T48726X4KQ;
				INFOPLIST_FILE = qoswallet/Info.plist;
				IPHONEOS_DEPLOYMENT_TARGET = 9.0;
				LD_RUNPATH_SEARCH_PATHS = "$(inherited) @executable_path/Frameworks";
				OTHER_SWIFT_FLAGS = "$(inherited) \"-D\" \"COCOAPODS\" \"-DDEBUG\" \"-DFOO\"";
				PRODUCT_BUNDLE_IDENTIFIER = qos.qoswallet;
				PRODUCT_NAME = "$(TARGET_NAME)";
				SWIFT_OBJC_BRIDGING_HEADER = "qoswallet/qoswallet-Bridging-Header.h";
				SWIFT_VERSION = 4.0;
				TARGETED_DEVICE_FAMILY = "1,2";
			};
			name = Release;
		};
		D241BE0F217050AD00E00FA4 /* Debug */ = {
			isa = XCBuildConfiguration;
			baseConfigurationReference = 91FF521AF3E167A34E62631E /* Pods-qoswalletTests.debug.xcconfig */;
			buildSettings = {
				ALWAYS_EMBED_SWIFT_STANDARD_LIBRARIES = YES;
				BUNDLE_LOADER = "$(TEST_HOST)";
				CODE_SIGN_STYLE = Automatic;
				INFOPLIST_FILE = qoswalletTests/Info.plist;
				LD_RUNPATH_SEARCH_PATHS = "$(inherited) @executable_path/Frameworks @loader_path/Frameworks";
				PRODUCT_BUNDLE_IDENTIFIER = qos.qoswalletTests;
				PRODUCT_NAME = "$(TARGET_NAME)";
				SWIFT_VERSION = 4.0;
				TARGETED_DEVICE_FAMILY = "1,2";
				TEST_HOST = "$(BUILT_PRODUCTS_DIR)/qoswallet.app/qoswallet";
			};
			name = Debug;
		};
		D241BE10217050AD00E00FA4 /* Release */ = {
			isa = XCBuildConfiguration;
			baseConfigurationReference = 16B8374F46924D2656DAEAB3 /* Pods-qoswalletTests.release.xcconfig */;
			buildSettings = {
				ALWAYS_EMBED_SWIFT_STANDARD_LIBRARIES = YES;
				BUNDLE_LOADER = "$(TEST_HOST)";
				CODE_SIGN_STYLE = Automatic;
				INFOPLIST_FILE = qoswalletTests/Info.plist;
				LD_RUNPATH_SEARCH_PATHS = "$(inherited) @executable_path/Frameworks @loader_path/Frameworks";
				PRODUCT_BUNDLE_IDENTIFIER = qos.qoswalletTests;
				PRODUCT_NAME = "$(TARGET_NAME)";
				SWIFT_VERSION = 4.0;
				TARGETED_DEVICE_FAMILY = "1,2";
				TEST_HOST = "$(BUILT_PRODUCTS_DIR)/qoswallet.app/qoswallet";
			};
			name = Release;
		};
		D241BE12217050AD00E00FA4 /* Debug */ = {
			isa = XCBuildConfiguration;
			baseConfigurationReference = E80D2F4425670150E1C0FACC /* Pods-qoswalletUITests.debug.xcconfig */;
			buildSettings = {
				ALWAYS_EMBED_SWIFT_STANDARD_LIBRARIES = YES;
				CODE_SIGN_STYLE = Automatic;
				INFOPLIST_FILE = qoswalletUITests/Info.plist;
				LD_RUNPATH_SEARCH_PATHS = "$(inherited) @executable_path/Frameworks @loader_path/Frameworks";
				PRODUCT_BUNDLE_IDENTIFIER = qos.qoswalletUITests;
				PRODUCT_NAME = "$(TARGET_NAME)";
				SWIFT_VERSION = 4.0;
				TARGETED_DEVICE_FAMILY = "1,2";
				TEST_TARGET_NAME = qoswallet;
			};
			name = Debug;
		};
		D241BE13217050AD00E00FA4 /* Release */ = {
			isa = XCBuildConfiguration;
			baseConfigurationReference = 017ECE414B1BBD27CE16E2AB /* Pods-qoswalletUITests.release.xcconfig */;
			buildSettings = {
				ALWAYS_EMBED_SWIFT_STANDARD_LIBRARIES = YES;
				CODE_SIGN_STYLE = Automatic;
				INFOPLIST_FILE = qoswalletUITests/Info.plist;
				LD_RUNPATH_SEARCH_PATHS = "$(inherited) @executable_path/Frameworks @loader_path/Frameworks";
				PRODUCT_BUNDLE_IDENTIFIER = qos.qoswalletUITests;
				PRODUCT_NAME = "$(TARGET_NAME)";
				SWIFT_VERSION = 4.0;
				TARGETED_DEVICE_FAMILY = "1,2";
				TEST_TARGET_NAME = qoswallet;
			};
			name = Release;
		};
/* End XCBuildConfiguration section */

/* Begin XCConfigurationList section */
		D241BDDE217050AD00E00FA4 /* Build configuration list for PBXProject "qoswallet" */ = {
			isa = XCConfigurationList;
			buildConfigurations = (
				D241BE09217050AD00E00FA4 /* Debug */,
				D241BE0A217050AD00E00FA4 /* Release */,
			);
			defaultConfigurationIsVisible = 0;
			defaultConfigurationName = Release;
		};
		D241BE0B217050AD00E00FA4 /* Build configuration list for PBXNativeTarget "qoswallet" */ = {
			isa = XCConfigurationList;
			buildConfigurations = (
				D241BE0C217050AD00E00FA4 /* Debug */,
				D241BE0D217050AD00E00FA4 /* Release */,
			);
			defaultConfigurationIsVisible = 0;
			defaultConfigurationName = Release;
		};
		D241BE0E217050AD00E00FA4 /* Build configuration list for PBXNativeTarget "qoswalletTests" */ = {
			isa = XCConfigurationList;
			buildConfigurations = (
				D241BE0F217050AD00E00FA4 /* Debug */,
				D241BE10217050AD00E00FA4 /* Release */,
			);
			defaultConfigurationIsVisible = 0;
			defaultConfigurationName = Release;
		};
		D241BE11217050AD00E00FA4 /* Build configuration list for PBXNativeTarget "qoswalletUITests" */ = {
			isa = XCConfigurationList;
			buildConfigurations = (
				D241BE12217050AD00E00FA4 /* Debug */,
				D241BE13217050AD00E00FA4 /* Release */,
			);
			defaultConfigurationIsVisible = 0;
			defaultConfigurationName = Release;
		};
/* End XCConfigurationList section */
	};
	rootObject = D241BDDB217050AD00E00FA4 /* Project object */;
}
